
Microsoft Visual Studio Solution File, Format Version 12.00
# Visual Studio Version 17
VisualStudioVersion = 17.7.34003.232
MinimumVisualStudioVersion = 10.0.40219.1
Project("{888888A0-9F3D-457C-B088-3A5042F75D52}") = "Racing_Game", "Racing_Game\Racing_Game.pyproj", "{093B6970-4578-465A-937E-BC482F614859}"
EndProject
Global
	GlobalSection(SolutionConfigurationPlatforms) = preSolution
		Debug|Any CPU = Debug|Any CPU
		Release|Any CPU = Release|Any CPU
	EndGlobalSection
	GlobalSection(ProjectConfigurationPlatforms) = postSolution
		{093B6970-4578-465A-937E-BC482F614859}.Debug|Any CPU.ActiveCfg = Debug|Any CPU
		{093B6970-4578-465A-937E-BC482F614859}.Release|Any CPU.ActiveCfg = Release|Any CPU
	EndGlobalSection
	GlobalSection(SolutionProperties) = preSolution
		HideSolutionNode = FALSE
	EndGlobalSection
	GlobalSection(ExtensibilityGlobals) = postSolution
		SolutionGuid = {B230D112-FFC0-43B8-B745-F1F2D11B3559}
	EndGlobalSection
EndGlobal
